
Microsoft Visual Studio Solution File, Format Version 12.00
# Visual Studio 2012
Project("{FAE04EC0-301F-11D3-BF4B-00C04F79EFBC}") = "ConsoleApplication1", "ConsoleApplication1.csproj", "{111315DA-04CD-4750-B1B1-9DDA9A890765}"
EndProject
Global
	GlobalSection(SolutionConfigurationPlatforms) = preSolution
		Debug|Any CPU = Debug|Any CPU
		Release|Any CPU = Release|Any CPU
	EndGlobalSection
	GlobalSection(ProjectConfigurationPlatforms) = postSolution
		{111315DA-04CD-4750-B1B1-9DDA9A890765}.Debug|Any CPU.ActiveCfg = Debug|Any CPU
		{111315DA-04CD-4750-B1B1-9DDA9A890765}.Debug|Any CPU.Build.0 = Debug|Any CPU
		{111315DA-04CD-4750-B1B1-9DDA9A890765}.Release|Any CPU.ActiveCfg = Release|Any CPU
		{111315DA-04CD-4750-B1B1-9DDA9A890765}.Release|Any CPU.Build.0 = Release|Any CPU
	EndGlobalSection
	GlobalSection(SolutionProperties) = preSolution
		HideSolutionNode = FALSE
	EndGlobalSection
EndGlobal
